// !$*UTF8*$!
{
	archiveVersion = 1;
	classes = {
	};
	objectVersion = 46;
	objects = {

/* Begin PBXBuildFile section */
		303A1DA51B3B119500C6608D /* RepeatAnimationViewController.m in Sources */ = {isa = PBXBuildFile; fileRef = 303A1DA41B3B119500C6608D /* RepeatAnimationViewController.m */; };
		30F40DFE1B3ACB82007F37DD /* main.m in Sources */ = {isa = PBXBuildFile; fileRef = 30F40DFD1B3ACB82007F37DD /* main.m */; };
		30F40E011B3ACB82007F37DD /* AppDelegate.m in Sources */ = {isa = PBXBuildFile; fileRef = 30F40E001B3ACB82007F37DD /* AppDelegate.m */; };
		30F40E041B3ACB82007F37DD /* ViewController.m in Sources */ = {isa = PBXBuildFile; fileRef = 30F40E031B3ACB82007F37DD /* ViewController.m */; };
		30F40E071B3ACB82007F37DD /* Main.storyboard in Resources */ = {isa = PBXBuildFile; fileRef = 30F40E051B3ACB82007F37DD /* Main.storyboard */; };
		30F40E091B3ACB82007F37DD /* Images.xcassets in Resources */ = {isa = PBXBuildFile; fileRef = 30F40E081B3ACB82007F37DD /* Images.xcassets */; };
		30F40E0C1B3ACB82007F37DD /* LaunchScreen.xib in Resources */ = {isa = PBXBuildFile; fileRef = 30F40E0A1B3ACB82007F37DD /* LaunchScreen.xib */; };
		30F40E181B3ACB82007F37DD /* sampleAssetCatalogTests.m in Sources */ = {isa = PBXBuildFile; fileRef = 30F40E171B3ACB82007F37DD /* sampleAssetCatalogTests.m */; };
/* End PBXBuildFile section */

/* Begin PBXContainerItemProxy section */
		30F40E121B3ACB82007F37DD /* PBXContainerItemProxy */ = {
			isa = PBXContainerItemProxy;
			containerPortal = 30F40DF01B3ACB82007F37DD /* Project object */;
			proxyType = 1;
			remoteGlobalIDString = 30F40DF71B3ACB82007F37DD;
			remoteInfo = sampleAssetCatalog;
		};
/* End PBXContainerItemProxy section */

/* Begin PBXFileReference section */
		303A1DA31B3B119500C6608D /* RepeatAnimationViewController.h */ = {isa = PBXFileReference; fileEncoding = 4; lastKnownFileType = sourcecode.c.h; path = RepeatAnimationViewController.h; sourceTree = "<group>"; };
		303A1DA41B3B119500C6608D /* RepeatAnimationViewController.m */ = {isa = PBXFileReference; fileEncoding = 4; lastKnownFileType = sourcecode.c.objc; path = RepeatAnimationViewController.m; sourceTree = "<group>"; };
		30F40DF81B3ACB82007F37DD /* sampleAssetCatalog.app */ = {isa = PBXFileReference; explicitFileType = wrapper.application; includeInIndex = 0; path = sampleAssetCatalog.app; sourceTree = BUILT_PRODUCTS_DIR; };
		30F40DFC1B3ACB82007F37DD /* Info.plist */ = {isa = PBXFileReference; lastKnownFileType = text.plist.xml; path = Info.plist; sourceTree = "<group>"; };
		30F40DFD1B3ACB82007F37DD /* main.m */ = {isa = PBXFileReference; lastKnownFileType = sourcecode.c.objc; path = main.m; sourceTree = "<group>"; };
		30F40DFF1B3ACB82007F37DD /* AppDelegate.h */ = {isa = PBXFileReference; lastKnownFileType = sourcecode.c.h; path = AppDelegate.h; sourceTree = "<group>"; };
		30F40E001B3ACB82007F37DD /* AppDelegate.m */ = {isa = PBXFileReference; lastKnownFileType = sourcecode.c.objc; path = AppDelegate.m; sourceTree = "<group>"; };
		30F40E021B3ACB82007F37DD /* ViewController.h */ = {isa = PBXFileReference; lastKnownFileType = sourcecode.c.h; path = ViewController.h; sourceTree = "<group>"; };
		30F40E031B3ACB82007F37DD /* ViewController.m */ = {isa = PBXFileReference; lastKnownFileType = sourcecode.c.objc; path = ViewController.m; sourceTree = "<group>"; };
		30F40E061B3ACB82007F37DD /* Base */ = {isa = PBXFileReference; lastKnownFileType = file.storyboard; name = Base; path = Base.lproj/Main.storyboard; sourceTree = "<group>"; };
		30F40E081B3ACB82007F37DD /* Images.xcassets */ = {isa = PBXFileReference; lastKnownFileType = folder.assetcatalog; path = Images.xcassets; sourceTree = "<group>"; };
		30F40E0B1B3ACB82007F37DD /* Base */ = {isa = PBXFileReference; lastKnownFileType = file.xib; name = Base; path = Base.lproj/LaunchScreen.xib; sourceTree = "<group>"; };
		30F40E111B3ACB82007F37DD /* sampleAssetCatalogTests.xctest */ = {isa = PBXFileReference; explicitFileType = wrapper.cfbundle; includeInIndex = 0; path = sampleAssetCatalogTests.xctest; sourceTree = BUILT_PRODUCTS_DIR; };
		30F40E161B3ACB82007F37DD /* Info.plist */ = {isa = PBXFileReference; lastKnownFileType = text.plist.xml; path = Info.plist; sourceTree = "<group>"; };
		30F40E171B3ACB82007F37DD /* sampleAssetCatalogTests.m */ = {isa = PBXFileReference; lastKnownFileType = sourcecode.c.objc; path = sampleAssetCatalogTests.m; sourceTree = "<group>"; };
/* End PBXFileReference section */

/* Begin PBXFrameworksBuildPhase section */
		30F40DF51B3ACB82007F37DD /* Frameworks */ = {
			isa = PBXFrameworksBuildPhase;
			buildActionMask = 2147483647;
			files = (
			);
			runOnlyForDeploymentPostprocessing = 0;
		};
		30F40E0E1B3ACB82007F37DD /* Frameworks */ = {
			isa = PBXFrameworksBuildPhase;
			buildActionMask = 2147483647;
			files = (
			);
			runOnlyForDeploymentPostprocessing = 0;
		};
/* End PBXFrameworksBuildPhase section */

/* Begin PBXGroup section */
		30F40DEF1B3ACB82007F37DD = {
			isa = PBXGroup;
			children = (
				30F40DFA1B3ACB82007F37DD /* sampleAssetCatalog */,
				30F40E141B3ACB82007F37DD /* sampleAssetCatalogTests */,
				30F40DF91B3ACB82007F37DD /* Products */,
			);
			sourceTree = "<group>";
		};
		30F40DF91B3ACB82007F37DD /* Products */ = {
			isa = PBXGroup;
			children = (
				30F40DF81B3ACB82007F37DD /* sampleAssetCatalog.app */,
				30F40E111B3ACB82007F37DD /* sampleAssetCatalogTests.xctest */,
			);
			name = Products;
			sourceTree = "<group>";
		};
		30F40DFA1B3ACB82007F37DD /* sampleAssetCatalog */ = {
			isa = PBXGroup;
			children = (
				30F40DFF1B3ACB82007F37DD /* AppDelegate.h */,
				30F40E001B3ACB82007F37DD /* AppDelegate.m */,
				30F40E021B3ACB82007F37DD /* ViewController.h */,
				30F40E031B3ACB82007F37DD /* ViewController.m */,
				30F40E051B3ACB82007F37DD /* Main.storyboard */,
				303A1DA31B3B119500C6608D /* RepeatAnimationViewController.h */,
				303A1DA41B3B119500C6608D /* RepeatAnimationViewController.m */,
				30F40E081B3ACB82007F37DD /* Images.xcassets */,
				30F40E0A1B3ACB82007F37DD /* LaunchScreen.xib */,
				30F40DFB1B3ACB82007F37DD /* Supporting Files */,
			);
			path = sampleAssetCatalog;
			sourceTree = "<group>";
		};
		30F40DFB1B3ACB82007F37DD /* Supporting Files */ = {
			isa = PBXGroup;
			children = (
				30F40DFC1B3ACB82007F37DD /* Info.plist */,
				30F40DFD1B3ACB82007F37DD /* main.m */,
			);
			name = "Supporting Files";
			sourceTree = "<group>";
		};
		30F40E141B3ACB82007F37DD /* sampleAssetCatalogTests */ = {
			isa = PBXGroup;
			children = (
				30F40E171B3ACB82007F37DD /* sampleAssetCatalogTests.m */,
				30F40E151B3ACB82007F37DD /* Supporting Files */,
			);
			path = sampleAssetCatalogTests;
			sourceTree = "<group>";
		};
		30F40E151B3ACB82007F37DD /* Supporting Files */ = {
			isa = PBXGroup;
			children = (
				30F40E161B3ACB82007F37DD /* Info.plist */,
			);
			name = "Supporting Files";
			sourceTree = "<group>";
		};
/* End PBXGroup section */

/* Begin PBXNativeTarget section */
		30F40DF71B3ACB82007F37DD /* sampleAssetCatalog */ = {
			isa = PBXNativeTarget;
			buildConfigurationList = 30F40E1B1B3ACB82007F37DD /* Build configuration list for PBXNativeTarget "sampleAssetCatalog" */;
			buildPhases = (
				30F40DF41B3ACB82007F37DD /* Sources */,
				30F40DF51B3ACB82007F37DD /* Frameworks */,
				30F40DF61B3ACB82007F37DD /* Resources */,
			);
			buildRules = (
			);
			dependencies = (
			);
			name = sampleAssetCatalog;
			productName = sampleAssetCatalog;
			productReference = 30F40DF81B3ACB82007F37DD /* sampleAssetCatalog.app */;
			productType = "com.apple.product-type.application";
		};
		30F40E101B3ACB82007F37DD /* sampleAssetCatalogTests */ = {
			isa = PBXNativeTarget;
			buildConfigurationList = 30F40E1E1B3ACB82007F37DD /* Build configuration list for PBXNativeTarget "sampleAssetCatalogTests" */;
			buildPhases = (
				30F40E0D1B3ACB82007F37DD /* Sources */,
				30F40E0E1B3ACB82007F37DD /* Frameworks */,
				30F40E0F1B3ACB82007F37DD /* Resources */,
			);
			buildRules = (
			);
			dependencies = (
				30F40E131B3ACB82007F37DD /* PBXTargetDependency */,
			);
			name = sampleAssetCatalogTests;
			productName = sampleAssetCatalogTests;
			productReference = 30F40E111B3ACB82007F37DD /* sampleAssetCatalogTests.xctest */;
			productType = "com.apple.product-type.bundle.unit-test";
		};
/* End PBXNativeTarget section */

/* Begin PBXProject section */
		30F40DF01B3ACB82007F37DD /* Project object */ = {
			isa = PBXProject;
			attributes = {
				LastUpgradeCheck = 0630;
				ORGANIZATIONNAME = satoutakeshi;
				TargetAttributes = {
					30F40DF71B3ACB82007F37DD = {
						CreatedOnToolsVersion = 6.3.2;
					};
					30F40E101B3ACB82007F37DD = {
						CreatedOnToolsVersion = 6.3.2;
						TestTargetID = 30F40DF71B3ACB82007F37DD;
					};
				};
			};
			buildConfigurationList = 30F40DF31B3ACB82007F37DD /* Build configuration list for PBXProject "sampleAssetCatalog" */;
			compatibilityVersion = "Xcode 3.2";
			developmentRegion = English;
			hasScannedForEncodings = 0;
			knownRegions = (
				en,
				Base,
			);
			mainGroup = 30F40DEF1B3ACB82007F37DD;
			productRefGroup = 30F40DF91B3ACB82007F37DD /* Products */;
			projectDirPath = "";
			projectRoot = "";
			targets = (
				30F40DF71B3ACB82007F37DD /* sampleAssetCatalog */,
				30F40E101B3ACB82007F37DD /* sampleAssetCatalogTests */,
			);
		};
/* End PBXProject section */

/* Begin PBXResourcesBuildPhase section */
		30F40DF61B3ACB82007F37DD /* Resources */ = {
			isa = PBXResourcesBuildPhase;
			buildActionMask = 2147483647;
			files = (
				30F40E071B3ACB82007F37DD /* Main.storyboard in Resources */,
				30F40E0C1B3ACB82007F37DD /* LaunchScreen.xib in Resources */,
				30F40E091B3ACB82007F37DD /* Images.xcassets in Resources */,
			);
			runOnlyForDeploymentPostprocessing = 0;
		};
		30F40E0F1B3ACB82007F37DD /* Resources */ = {
			isa = PBXResourcesBuildPhase;
			buildActionMask = 2147483647;
			files = (
			);
			runOnlyForDeploymentPostprocessing = 0;
		};
/* End PBXResourcesBuildPhase section */

/* Begin PBXSourcesBuildPhase section */
		30F40DF41B3ACB82007F37DD /* Sources */ = {
			isa = PBXSourcesBuildPhase;
			buildActionMask = 2147483647;
			files = (
				30F40E041B3ACB82007F37DD /* ViewController.m in Sources */,
				30F40E011B3ACB82007F37DD /* AppDelegate.m in Sources */,
				303A1DA51B3B119500C6608D /* RepeatAnimationViewController.m in Sources */,
				30F40DFE1B3ACB82007F37DD /* main.m in Sources */,
			);
			runOnlyForDeploymentPostprocessing = 0;
		};
		30F40E0D1B3ACB82007F37DD /* Sources */ = {
			isa = PBXSourcesBuildPhase;
			buildActionMask = 2147483647;
			files = (
				30F40E181B3ACB82007F37DD /* sampleAssetCatalogTests.m in Sources */,
			);
			runOnlyForDeploymentPostprocessing = 0;
		};
/* End PBXSourcesBuildPhase section */

/* Begin PBXTargetDependency section */
		30F40E131B3ACB82007F37DD /* PBXTargetDependency */ = {
			isa = PBXTargetDependency;
			target = 30F40DF71B3ACB82007F37DD /* sampleAssetCatalog */;
			targetProxy = 30F40E121B3ACB82007F37DD /* PBXContainerItemProxy */;
		};
/* End PBXTargetDependency section */

/* Begin PBXVariantGroup section */
		30F40E051B3ACB82007F37DD /* Main.storyboard */ = {
			isa = PBXVariantGroup;
			children = (
				30F40E061B3ACB82007F37DD /* Base */,
			);
			name = Main.storyboard;
			sourceTree = "<group>";
		};
		30F40E0A1B3ACB82007F37DD /* LaunchScreen.xib */ = {
			isa = PBXVariantGroup;
			children = (
				30F40E0B1B3ACB82007F37DD /* Base */,
			);
			name = LaunchScreen.xib;
			sourceTree = "<group>";
		};
/* End PBXVariantGroup section */

/* Begin XCBuildConfiguration section */
		30F40E191B3ACB82007F37DD /* Debug */ = {
			isa = XCBuildConfiguration;
			buildSettings = {
				ALWAYS_SEARCH_USER_PATHS = NO;
				CLANG_CXX_LANGUAGE_STANDARD = "gnu++0x";
				CLANG_CXX_LIBRARY = "libc++";
				CLANG_ENABLE_MODULES = YES;
				CLANG_ENABLE_OBJC_ARC = YES;
				CLANG_WARN_BOOL_CONVERSION = YES;
				CLANG_WARN_CONSTANT_CONVERSION = YES;
				CLANG_WARN_DIRECT_OBJC_ISA_USAGE = YES_ERROR;
				CLANG_WARN_EMPTY_BODY = YES;
				CLANG_WARN_ENUM_CONVERSION = YES;
				CLANG_WARN_INT_CONVERSION = YES;
				CLANG_WARN_OBJC_ROOT_CLASS = YES_ERROR;
				CLANG_WARN_UNREACHABLE_CODE = YES;
				CLANG_WARN__DUPLICATE_METHOD_MATCH = YES;
				"CODE_SIGN_IDENTITY[sdk=iphoneos*]" = "iPhone Developer";
				COPY_PHASE_STRIP = NO;
				DEBUG_INFORMATION_FORMAT = "dwarf-with-dsym";
				ENABLE_STRICT_OBJC_MSGSEND = YES;
				GCC_C_LANGUAGE_STANDARD = gnu99;
				GCC_DYNAMIC_NO_PIC = NO;
				GCC_NO_COMMON_BLOCKS = YES;
				GCC_OPTIMIZATION_LEVEL = 0;
				GCC_PREPROCESSOR_DEFINITIONS = (
					"DEBUG=1",
					"$(inherited)",
				);
				GCC_SYMBOLS_PRIVATE_EXTERN = NO;
				GCC_WARN_64_TO_32_BIT_CONVERSION = YES;
				GCC_WARN_ABOUT_RETURN_TYPE = YES_ERROR;
				GCC_WARN_UNDECLARED_SELECTOR = YES;
				GCC_WARN_UNINITIALIZED_AUTOS = YES_AGGRESSIVE;
				GCC_WARN_UNUSED_FUNCTION = YES;
				GCC_WARN_UNUSED_VARIABLE = YES;
				IPHONEOS_DEPLOYMENT_TARGET = 8.3;
				MTL_ENABLE_DEBUG_INFO = YES;
				ONLY_ACTIVE_ARCH = YES;
				SDKROOT = iphoneos;
			};
			name = Debug;
		};
		30F40E1A1B3ACB82007F37DD /* Release */ = {
			isa = XCBuildConfiguration;
			buildSettings = {
				ALWAYS_SEARCH_USER_PATHS = NO;
				CLANG_CXX_LANGUAGE_STANDARD = "gnu++0x";
				CLANG_CXX_LIBRARY = "libc++";
				CLANG_ENABLE_MODULES = YES;
				CLANG_ENABLE_OBJC_ARC = YES;
				CLANG_WARN_BOOL_CONVERSION = YES;
				CLANG_WARN_CONSTANT_CONVERSION = YES;
				CLANG_WARN_DIRECT_OBJC_ISA_USAGE = YES_ERROR;
				CLANG_WARN_EMPTY_BODY = YES;
				CLANG_WARN_ENUM_CONVERSION = YES;
				CLANG_WARN_INT_CONVERSION = YES;
				CLANG_WARN_OBJC_ROOT_CLASS = YES_ERROR;
				CLANG_WARN_UNREACHABLE_CODE = YES;
				CLANG_WARN__DUPLICATE_METHOD_MATCH = YES;
				"CODE_SIGN_IDENTITY[sdk=iphoneos*]" = "iPhone Developer";
				COPY_PHASE_STRIP = NO;
				DEBUG_INFORMATION_FORMAT = "dwarf-with-dsym";
				ENABLE_NS_ASSERTIONS = NO;
				ENABLE_STRICT_OBJC_MSGSEND = YES;
				GCC_C_LANGUAGE_STANDARD = gnu99;
				GCC_NO_COMMON_BLOCKS = YES;
				GCC_WARN_64_TO_32_BIT_CONVERSION = YES;
				GCC_WARN_ABOUT_RETURN_TYPE = YES_ERROR;
				GCC_WARN_UNDECLARED_SELECTOR = YES;
				GCC_WARN_UNINITIALIZED_AUTOS = YES_AGGRESSIVE;
				GCC_WARN_UNUSED_FUNCTION = YES;
				GCC_WARN_UNUSED_VARIABLE = YES;
				IPHONEOS_DEPLOYMENT_TARGET = 8.3;
				MTL_ENABLE_DEBUG_INFO = NO;
				SDKROOT = iphoneos;
				VALIDATE_PRODUCT = YES;
			};
			name = Release;
		};
		30F40E1C1B3ACB82007F37DD /* Debug */ = {
			isa = XCBuildConfiguration;
			buildSettings = {
				ASSETCATALOG_COMPILER_APPICON_NAME = AppIcon;
				INFOPLIST_FILE = sampleAssetCatalog/Info.plist;
				LD_RUNPATH_SEARCH_PATHS = "$(inherited) @executable_path/Frameworks";
				PRODUCT_NAME = "$(TARGET_NAME)";
			};
			name = Debug;
		};
		30F40E1D1B3ACB82007F37DD /* Release */ = {
			isa = XCBuildConfiguration;
			buildSettings = {
				ASSETCATALOG_COMPILER_APPICON_NAME = AppIcon;
				INFOPLIST_FILE = sampleAssetCatalog/Info.plist;
				LD_RUNPATH_SEARCH_PATHS = "$(inherited) @executable_path/Frameworks";
				PRODUCT_NAME = "$(TARGET_NAME)";
			};
			name = Release;
		};
		30F40E1F1B3ACB82007F37DD /* Debug */ = {
			isa = XCBuildConfiguration;
			buildSettings = {
				BUNDLE_LOADER = "$(TEST_HOST)";
				FRAMEWORK_SEARCH_PATHS = (
					"$(SDKROOT)/Developer/Library/Frameworks",
					"$(inherited)",
				);
				GCC_PREPROCESSOR_DEFINITIONS = (
					"DEBUG=1",
					"$(inherited)",
				);
				INFOPLIST_FILE = sampleAssetCatalogTests/Info.plist;
				LD_RUNPATH_SEARCH_PATHS = "$(inherited) @executable_path/Frameworks @loader_path/Frameworks";
				PRODUCT_NAME = "$(TARGET_NAME)";
				TEST_HOST = "$(BUILT_PRODUCTS_DIR)/sampleAssetCatalog.app/sampleAssetCatalog";
			};
			name = Debug;
		};
		30F40E201B3ACB82007F37DD /* Release */ = {
			isa = XCBuildConfiguration;
			buildSettings = {
				BUNDLE_LOADER = "$(TEST_HOST)";
				FRAMEWORK_SEARCH_PATHS = (
					"$(SDKROOT)/Developer/Library/Frameworks",
					"$(inherited)",
				);
				INFOPLIST_FILE = sampleAssetCatalogTests/Info.plist;
				LD_RUNPATH_SEARCH_PATHS = "$(inherited) @executable_path/Frameworks @loader_path/Frameworks";
				PRODUCT_NAME = "$(TARGET_NAME)";
				TEST_HOST = "$(BUILT_PRODUCTS_DIR)/sampleAssetCatalog.app/sampleAssetCatalog";
			};
			name = Release;
		};
/* End XCBuildConfiguration section */

/* Begin XCConfigurationList section */
		30F40DF31B3ACB82007F37DD /* Build configuration list for PBXProject "sampleAssetCatalog" */ = {
			isa = XCConfigurationList;
			buildConfigurations = (
				30F40E191B3ACB82007F37DD /* Debug */,
				30F40E1A1B3ACB82007F37DD /* Release */,
			);
			defaultConfigurationIsVisible = 0;
			defaultConfigurationName = Release;
		};
		30F40E1B1B3ACB82007F37DD /* Build configuration list for PBXNativeTarget "sampleAssetCatalog" */ = {
			isa = XCConfigurationList;
			buildConfigurations = (
				30F40E1C1B3ACB82007F37DD /* Debug */,
				30F40E1D1B3ACB82007F37DD /* Release */,
			);
			defaultConfigurationIsVisible = 0;
			defaultConfigurationName = Release;
		};
		30F40E1E1B3ACB82007F37DD /* Build configuration list for PBXNativeTarget "sampleAssetCatalogTests" */ = {
			isa = XCConfigurationList;
			buildConfigurations = (
				30F40E1F1B3ACB82007F37DD /* Debug */,
				30F40E201B3ACB82007F37DD /* Release */,
			);
			defaultConfigurationIsVisible = 0;
			defaultConfigurationName = Release;
		};
/* End XCConfigurationList section */
	};
	rootObject = 30F40DF01B3ACB82007F37DD /* Project object */;
}
